
Microsoft Visual Studio Solution File, Format Version 11.00
# Visual Studio 10
Project("{FAE04EC0-301F-11D3-BF4B-00C04F79EFBC}") = "Drawing", "Drawing\Drawing.csproj", "{BD85AF74-7888-4D8E-961E-D5CD3A6AB361}"
EndProject
Global
	GlobalSection(SolutionConfigurationPlatforms) = preSolution
		Debug|x86 = Debug|x86
		Release|x86 = Release|x86
	EndGlobalSection
	GlobalSection(ProjectConfigurationPlatforms) = postSolution
		{BD85AF74-7888-4D8E-961E-D5CD3A6AB361}.Debug|x86.ActiveCfg = Debug|x86
		{BD85AF74-7888-4D8E-961E-D5CD3A6AB361}.Debug|x86.Build.0 = Debug|x86
		{BD85AF74-7888-4D8E-961E-D5CD3A6AB361}.Release|x86.ActiveCfg = Release|x86
		{BD85AF74-7888-4D8E-961E-D5CD3A6AB361}.Release|x86.Build.0 = Release|x86
	EndGlobalSection
	GlobalSection(SolutionProperties) = preSolution
		HideSolutionNode = FALSE
	EndGlobalSection
EndGlobal
