
Microsoft Visual Studio Solution File, Format Version 11.00
# Visual Studio 10
Project("{FAE04EC0-301F-11D3-BF4B-00C04F79EFBC}") = "BuildTree", "BuildTree\BuildTree.csproj", "{31192EE9-359A-4FF6-8D1D-105B6DE96B61}"
EndProject
Global
	GlobalSection(SolutionConfigurationPlatforms) = preSolution
		Debug|Any CPU = Debug|Any CPU
		Release|Any CPU = Release|Any CPU
	EndGlobalSection
	GlobalSection(ProjectConfigurationPlatforms) = postSolution
		{31192EE9-359A-4FF6-8D1D-105B6DE96B61}.Debug|Any CPU.ActiveCfg = Debug|Any CPU
		{31192EE9-359A-4FF6-8D1D-105B6DE96B61}.Debug|Any CPU.Build.0 = Debug|Any CPU
		{31192EE9-359A-4FF6-8D1D-105B6DE96B61}.Release|Any CPU.ActiveCfg = Release|Any CPU
		{31192EE9-359A-4FF6-8D1D-105B6DE96B61}.Release|Any CPU.Build.0 = Release|Any CPU
	EndGlobalSection
	GlobalSection(SolutionProperties) = preSolution
		HideSolutionNode = FALSE
	EndGlobalSection
EndGlobal
