
Microsoft Visual Studio Solution File, Format Version 11.00
# Visual Studio 10
Project("{FAE04EC0-301F-11D3-BF4B-00C04F79EFBC}") = "DailyRate", "DailyRate\DailyRate.csproj", "{0AB20910-C7A8-47AE-B895-09D5A604D0CD}"
EndProject
Global
	GlobalSection(SolutionConfigurationPlatforms) = preSolution
		Debug|Any CPU = Debug|Any CPU
		Release|Any CPU = Release|Any CPU
	EndGlobalSection
	GlobalSection(ProjectConfigurationPlatforms) = postSolution
		{0AB20910-C7A8-47AE-B895-09D5A604D0CD}.Debug|Any CPU.ActiveCfg = Debug|Any CPU
		{0AB20910-C7A8-47AE-B895-09D5A604D0CD}.Debug|Any CPU.Build.0 = Debug|Any CPU
		{0AB20910-C7A8-47AE-B895-09D5A604D0CD}.Release|Any CPU.ActiveCfg = Release|Any CPU
		{0AB20910-C7A8-47AE-B895-09D5A604D0CD}.Release|Any CPU.Build.0 = Release|Any CPU
	EndGlobalSection
	GlobalSection(SolutionProperties) = preSolution
		HideSolutionNode = FALSE
	EndGlobalSection
EndGlobal
